{
  "name": "CNPM_DoAn_WebQuanLyKhachSan",
  "lockfileVersion": 2,
  "requires": true,
  "packages": {
    "": {
      "dependencies": {
        "@fullcalendar/core": "^6.1.8",
        "@fullcalendar/resource-timeline": "^6.1.8"
      }
    },
    "node_modules/@fullcalendar/core": {
      "version": "6.1.8",
      "resolved": "https://registry.npmjs.org/@fullcalendar/core/-/core-6.1.8.tgz",
      "integrity": "sha512-i8JBIvZCWGO9dsMEDcx9bnsQZ9PtGSJdOXGgWbhLaGq2iq41OBdp9g9gM4b/Otv2oK8bL5Gl6CsMmb/HkDtA6Q==",
      "dependencies": {
        "preact": "~10.12.1"
      }
    },
    "node_modules/@fullcalendar/premium-common": {
      "version": "6.1.8",
      "resolved": "https://registry.npmjs.org/@fullcalendar/premium-common/-/premium-common-6.1.8.tgz",
      "integrity": "sha512-r4o73uGl2xQlckcv4yoH+lv1OzkqampdMvPQUnBSTA4MYJHmzt4KEskCxwhD2Ayy+2UQNO47JRSReE84y2WJIA==",
      "peerDependencies": {
        "@fullcalendar/core": "~6.1.8"
      }
    },
    "node_modules/@fullcalendar/resource": {
      "version": "6.1.8",
      "resolved": "https://registry.npmjs.org/@fullcalendar/resource/-/resource-6.1.8.tgz",
      "integrity": "sha512-xwRqPdPyJu0PRo7JwRd0OcHBYdcD7AstMczyUKe4JJ+nEpn2qrmidwX+Pk+Ceg/3c/EvcX07wtxkyBBl3LLRVg==",
      "peer": true,
      "dependencies": {
        "@fullcalendar/premium-common": "~6.1.8"
      },
      "peerDependencies": {
        "@fullcalendar/core": "~6.1.8"
      }
    },
    "node_modules/@fullcalendar/resource-timeline": {
      "version": "6.1.8",
      "resolved": "https://registry.npmjs.org/@fullcalendar/resource-timeline/-/resource-timeline-6.1.8.tgz",
      "integrity": "sha512-Xqf47okpsIK+dIVsP938OTjflTICfn0Ll7w97EHnK8kuSM5vwX+rhHbSn3x2hjBubmO0h/oUkZzteoQnNBqZPA==",
      "dependencies": {
        "@fullcalendar/premium-common": "~6.1.8",
        "@fullcalendar/scrollgrid": "~6.1.8",
        "@fullcalendar/timeline": "~6.1.8"
      },
      "peerDependencies": {
        "@fullcalendar/core": "~6.1.8",
        "@fullcalendar/resource": "~6.1.8"
      }
    },
    "node_modules/@fullcalendar/scrollgrid": {
      "version": "6.1.8",
      "resolved": "https://registry.npmjs.org/@fullcalendar/scrollgrid/-/scrollgrid-6.1.8.tgz",
      "integrity": "sha512-Btp5ipZ+BsDF5xOBbCN2TWU7pd9cCCLQaB1Hhgi997YKzsQ7PmwsJu+zI33UgJQkhmpxnJdg7gb73AuhTTa7kg==",
      "dependencies": {
        "@fullcalendar/premium-common": "~6.1.8"
      },
      "peerDependencies": {
        "@fullcalendar/core": "~6.1.8"
      }
    },
    "node_modules/@fullcalendar/timeline": {
      "version": "6.1.8",
      "resolved": "https://registry.npmjs.org/@fullcalendar/timeline/-/timeline-6.1.8.tgz",
      "integrity": "sha512-RyqmK+Jq4cOHzetiXGemOkGM3ipsWl62FR+iaOGqgFZgjijchVYYWbx9kRPDDbhD1j3b7MMgHbP8bVehgy2L/g==",
      "dependencies": {
        "@fullcalendar/premium-common": "~6.1.8",
        "@fullcalendar/scrollgrid": "~6.1.8"
      },
      "peerDependencies": {
        "@fullcalendar/core": "~6.1.8"
      }
    },
    "node_modules/preact": {
      "version": "10.12.1",
      "resolved": "https://registry.npmjs.org/preact/-/preact-10.12.1.tgz",
      "integrity": "sha512-l8386ixSsBdbreOAkqtrwqHwdvR35ID8c3rKPa8lCWuO86dBi32QWHV4vfsZK1utLLFMvw+Z5Ad4XLkZzchscg==",
      "funding": {
        "type": "opencollective",
        "url": "https://opencollective.com/preact"
      }
    }
  },
  "dependencies": {
    "@fullcalendar/core": {
      "version": "6.1.8",
      "resolved": "https://registry.npmjs.org/@fullcalendar/core/-/core-6.1.8.tgz",
      "integrity": "sha512-i8JBIvZCWGO9dsMEDcx9bnsQZ9PtGSJdOXGgWbhLaGq2iq41OBdp9g9gM4b/Otv2oK8bL5Gl6CsMmb/HkDtA6Q==",
      "requires": {
        "preact": "~10.12.1"
      }
    },
    "@fullcalendar/premium-common": {
      "version": "6.1.8",
      "resolved": "https://registry.npmjs.org/@fullcalendar/premium-common/-/premium-common-6.1.8.tgz",
      "integrity": "sha512-r4o73uGl2xQlckcv4yoH+lv1OzkqampdMvPQUnBSTA4MYJHmzt4KEskCxwhD2Ayy+2UQNO47JRSReE84y2WJIA==",
      "requires": {}
    },
    "@fullcalendar/resource": {
      "version": "6.1.8",
      "resolved": "https://registry.npmjs.org/@fullcalendar/resource/-/resource-6.1.8.tgz",
      "integrity": "sha512-xwRqPdPyJu0PRo7JwRd0OcHBYdcD7AstMczyUKe4JJ+nEpn2qrmidwX+Pk+Ceg/3c/EvcX07wtxkyBBl3LLRVg==",
      "peer": true,
      "requires": {
        "@fullcalendar/premium-common": "~6.1.8"
      }
    },
    "@fullcalendar/resource-timeline": {
      "version": "6.1.8",
      "resolved": "https://registry.npmjs.org/@fullcalendar/resource-timeline/-/resource-timeline-6.1.8.tgz",
      "integrity": "sha512-Xqf47okpsIK+dIVsP938OTjflTICfn0Ll7w97EHnK8kuSM5vwX+rhHbSn3x2hjBubmO0h/oUkZzteoQnNBqZPA==",
      "requires": {
        "@fullcalendar/premium-common": "~6.1.8",
        "@fullcalendar/scrollgrid": "~6.1.8",
        "@fullcalendar/timeline": "~6.1.8"
      }
    },
    "@fullcalendar/scrollgrid": {
      "version": "6.1.8",
      "resolved": "https://registry.npmjs.org/@fullcalendar/scrollgrid/-/scrollgrid-6.1.8.tgz",
      "integrity": "sha512-Btp5ipZ+BsDF5xOBbCN2TWU7pd9cCCLQaB1Hhgi997YKzsQ7PmwsJu+zI33UgJQkhmpxnJdg7gb73AuhTTa7kg==",
      "requires": {
        "@fullcalendar/premium-common": "~6.1.8"
      }
    },
    "@fullcalendar/timeline": {
      "version": "6.1.8",
      "resolved": "https://registry.npmjs.org/@fullcalendar/timeline/-/timeline-6.1.8.tgz",
      "integrity": "sha512-RyqmK+Jq4cOHzetiXGemOkGM3ipsWl62FR+iaOGqgFZgjijchVYYWbx9kRPDDbhD1j3b7MMgHbP8bVehgy2L/g==",
      "requires": {
        "@fullcalendar/premium-common": "~6.1.8",
        "@fullcalendar/scrollgrid": "~6.1.8"
      }
    },
    "preact": {
      "version": "10.12.1",
      "resolved": "https://registry.npmjs.org/preact/-/preact-10.12.1.tgz",
      "integrity": "sha512-l8386ixSsBdbreOAkqtrwqHwdvR35ID8c3rKPa8lCWuO86dBi32QWHV4vfsZK1utLLFMvw+Z5Ad4XLkZzchscg=="
    }
  }
}
